// !$*UTF8*$!
{
	archiveVersion = 1;
	classes = {
	};
	objectVersion = 52;
	objects = {

/* Begin PBXBuildFile section */
		18BE8E3724D588690094B00A /* AppDelegate.swift in Sources */ = {isa = PBXBuildFile; fileRef = 18BE8E3624D588690094B00A /* AppDelegate.swift */; };
		18BE8E3924D588690094B00A /* SceneDelegate.swift in Sources */ = {isa = PBXBuildFile; fileRef = 18BE8E3824D588690094B00A /* SceneDelegate.swift */; };
		18BE8E3B24D588690094B00A /* FirstViewController.swift in Sources */ = {isa = PBXBuildFile; fileRef = 18BE8E3A24D588690094B00A /* FirstViewController.swift */; };
		18BE8E3E24D588690094B00A /* Main.storyboard in Resources */ = {isa = PBXBuildFile; fileRef = 18BE8E3C24D588690094B00A /* Main.storyboard */; };
		18BE8E4024D588700094B00A /* Assets.xcassets in Resources */ = {isa = PBXBuildFile; fileRef = 18BE8E3F24D588700094B00A /* Assets.xcassets */; };
		18BE8E4324D588700094B00A /* LaunchScreen.storyboard in Resources */ = {isa = PBXBuildFile; fileRef = 18BE8E4124D588700094B00A /* LaunchScreen.storyboard */; };
		18BE8E4C24D588E00094B00A /* Alamofire in Frameworks */ = {isa = PBXBuildFile; productRef = 18BE8E4B24D588E00094B00A /* Alamofire */; };
		18BE8E4F24D58C4E0094B00A /* NSObject+Ext.swift in Sources */ = {isa = PBXBuildFile; fileRef = 18BE8E4E24D58C4E0094B00A /* NSObject+Ext.swift */; };
		18BE8E5224D58DF20094B00A /* APILib.swift in Sources */ = {isa = PBXBuildFile; fileRef = 18BE8E5124D58DF20094B00A /* APILib.swift */; };
		18BE8E5A24D58F820094B00A /* HomeModel.swift in Sources */ = {isa = PBXBuildFile; fileRef = 18BE8E5524D58F810094B00A /* HomeModel.swift */; };
		18BE8E5B24D58F820094B00A /* Items.swift in Sources */ = {isa = PBXBuildFile; fileRef = 18BE8E5624D58F810094B00A /* Items.swift */; };
		18BE8E5C24D58F820094B00A /* Activity.swift in Sources */ = {isa = PBXBuildFile; fileRef = 18BE8E5724D58F820094B00A /* Activity.swift */; };
		18BE8E5D24D58F820094B00A /* Steps.swift in Sources */ = {isa = PBXBuildFile; fileRef = 18BE8E5824D58F820094B00A /* Steps.swift */; };
		18BE8E5E24D58F820094B00A /* Articles.swift in Sources */ = {isa = PBXBuildFile; fileRef = 18BE8E5924D58F820094B00A /* Articles.swift */; };
		18BE8E6524D590700094B00A /* SleepHours.swift in Sources */ = {isa = PBXBuildFile; fileRef = 18BE8E6024D5906F0094B00A /* SleepHours.swift */; };
		18BE8E6724D590700094B00A /* HealthDataModel.swift in Sources */ = {isa = PBXBuildFile; fileRef = 18BE8E6224D5906F0094B00A /* HealthDataModel.swift */; };
		18BE8E6824D590700094B00A /* SoundLevels.swift in Sources */ = {isa = PBXBuildFile; fileRef = 18BE8E6324D590700094B00A /* SoundLevels.swift */; };
		18BE8E6B24D590F70094B00A /* APILibrary.swift in Sources */ = {isa = PBXBuildFile; fileRef = 18BE8E6A24D590F70094B00A /* APILibrary.swift */; };
		18BE8E6D24D591240094B00A /* TypeAliases.swift in Sources */ = {isa = PBXBuildFile; fileRef = 18BE8E6C24D591240094B00A /* TypeAliases.swift */; };
		18BE8E6F24D5916D0094B00A /* String+Ext.swift in Sources */ = {isa = PBXBuildFile; fileRef = 18BE8E6E24D5916D0094B00A /* String+Ext.swift */; };
		18BE8E7124D591FD0094B00A /* Results.swift in Sources */ = {isa = PBXBuildFile; fileRef = 18BE8E7024D591FD0094B00A /* Results.swift */; };
		18BE8E7324D592340094B00A /* ModelResponse.swift in Sources */ = {isa = PBXBuildFile; fileRef = 18BE8E7224D592330094B00A /* ModelResponse.swift */; };
		18BE8E7624D595CB0094B00A /* HomeViewModel.swift in Sources */ = {isa = PBXBuildFile; fileRef = 18BE8E7524D595CB0094B00A /* HomeViewModel.swift */; };
		18BE8E7824D598A70094B00A /* SecondViewController.swift in Sources */ = {isa = PBXBuildFile; fileRef = 18BE8E7724D598A70094B00A /* SecondViewController.swift */; };
		18BE8E7A24D59B480094B00A /* HealthDataViewModel.swift in Sources */ = {isa = PBXBuildFile; fileRef = 18BE8E7924D59B480094B00A /* HealthDataViewModel.swift */; };
		18BE8E7E24D59FE10094B00A /* UIButtonCustom.swift in Sources */ = {isa = PBXBuildFile; fileRef = 18BE8E7C24D59F9E0094B00A /* UIButtonCustom.swift */; };
		18BE8E7F24D59FE40094B00A /* UIViewCustom.swift in Sources */ = {isa = PBXBuildFile; fileRef = 18BE8E7D24D59F9E0094B00A /* UIViewCustom.swift */; };
		18BE8E8224D5B4B60094B00A /* CellConfigModel.swift in Sources */ = {isa = PBXBuildFile; fileRef = 18BE8E8124D5B4B60094B00A /* CellConfigModel.swift */; };
		18BE8E8524D5B56B0094B00A /* ActivityCellModel.swift in Sources */ = {isa = PBXBuildFile; fileRef = 18BE8E8424D5B56B0094B00A /* ActivityCellModel.swift */; };
		18BE8E8724D5B6790094B00A /* StepsCellModel.swift in Sources */ = {isa = PBXBuildFile; fileRef = 18BE8E8624D5B6790094B00A /* StepsCellModel.swift */; };
		18BE8E8924D5B7100094B00A /* ArticlesCellModel.swift in Sources */ = {isa = PBXBuildFile; fileRef = 18BE8E8824D5B7100094B00A /* ArticlesCellModel.swift */; };
		18BE8E8C24D5B9330094B00A /* SDWebImage in Frameworks */ = {isa = PBXBuildFile; productRef = 18BE8E8B24D5B9330094B00A /* SDWebImage */; };
		18BE8E8F24D5C1180094B00A /* ActivityTableViewCell.swift in Sources */ = {isa = PBXBuildFile; fileRef = 18BE8E8E24D5C1180094B00A /* ActivityTableViewCell.swift */; };
		18BE8E9124D5C12A0094B00A /* StepsTableViewCell.swift in Sources */ = {isa = PBXBuildFile; fileRef = 18BE8E9024D5C12A0094B00A /* StepsTableViewCell.swift */; };
		18BE8E9324D5C1380094B00A /* ArticleTableViewCell.swift in Sources */ = {isa = PBXBuildFile; fileRef = 18BE8E9224D5C1380094B00A /* ArticleTableViewCell.swift */; };
		18BE8E9624D5C1EA0094B00A /* SectionType1TableViewCell.swift in Sources */ = {isa = PBXBuildFile; fileRef = 18BE8E9524D5C1EA0094B00A /* SectionType1TableViewCell.swift */; };
		18BE8E9824D5C2020094B00A /* ShowHealthTableViewCell.swift in Sources */ = {isa = PBXBuildFile; fileRef = 18BE8E9724D5C2020094B00A /* ShowHealthTableViewCell.swift */; };
		18BE8E9A24D5D2D90094B00A /* SectionType2TableViewCell.swift in Sources */ = {isa = PBXBuildFile; fileRef = 18BE8E9924D5D2D90094B00A /* SectionType2TableViewCell.swift */; };
		18BE8E9C24D5D6EA0094B00A /* ShowFullDataCellModel.swift in Sources */ = {isa = PBXBuildFile; fileRef = 18BE8E9B24D5D6EA0094B00A /* ShowFullDataCellModel.swift */; };
		18BE8E9E24D5DB280094B00A /* ArticleWebViewTableViewCell.swift in Sources */ = {isa = PBXBuildFile; fileRef = 18BE8E9D24D5DB280094B00A /* ArticleWebViewTableViewCell.swift */; };
		18BE8EA024D5DC4A0094B00A /* ArticleWebViewModel.swift in Sources */ = {isa = PBXBuildFile; fileRef = 18BE8E9F24D5DC4A0094B00A /* ArticleWebViewModel.swift */; };
		18BE8EA224D5DDC50094B00A /* UIStoryboard+Ext.swift in Sources */ = {isa = PBXBuildFile; fileRef = 18BE8EA124D5DDC50094B00A /* UIStoryboard+Ext.swift */; };
		18BE8EA424D5DDD60094B00A /* UIViewController+Ext.swift in Sources */ = {isa = PBXBuildFile; fileRef = 18BE8EA324D5DDD60094B00A /* UIViewController+Ext.swift */; };
		18BE8EA724D5ED3B0094B00A /* WebViewController.swift in Sources */ = {isa = PBXBuildFile; fileRef = 18BE8EA624D5ED3B0094B00A /* WebViewController.swift */; };
		18BE8EAD24D5F1090094B00A /* search.html in Resources */ = {isa = PBXBuildFile; fileRef = 18BE8EAC24D5F1090094B00A /* search.html */; };
		18BE8EAF24D602AE0094B00A /* SleepAnalysisTableViewCell.swift in Sources */ = {isa = PBXBuildFile; fileRef = 18BE8EAE24D602AE0094B00A /* SleepAnalysisTableViewCell.swift */; };
/* End PBXBuildFile section */

/* Begin PBXFileReference section */
		18BE8E3324D588690094B00A /* RiafyHealth.app */ = {isa = PBXFileReference; explicitFileType = wrapper.application; includeInIndex = 0; path = RiafyHealth.app; sourceTree = BUILT_PRODUCTS_DIR; };
		18BE8E3624D588690094B00A /* AppDelegate.swift */ = {isa = PBXFileReference; lastKnownFileType = sourcecode.swift; path = AppDelegate.swift; sourceTree = "<group>"; };
		18BE8E3824D588690094B00A /* SceneDelegate.swift */ = {isa = PBXFileReference; lastKnownFileType = sourcecode.swift; path = SceneDelegate.swift; sourceTree = "<group>"; };
		18BE8E3A24D588690094B00A /* FirstViewController.swift */ = {isa = PBXFileReference; lastKnownFileType = sourcecode.swift; path = FirstViewController.swift; sourceTree = "<group>"; };
		18BE8E3D24D588690094B00A /* Base */ = {isa = PBXFileReference; lastKnownFileType = file.storyboard; name = Base; path = Base.lproj/Main.storyboard; sourceTree = "<group>"; };
		18BE8E3F24D588700094B00A /* Assets.xcassets */ = {isa = PBXFileReference; lastKnownFileType = folder.assetcatalog; path = Assets.xcassets; sourceTree = "<group>"; };
		18BE8E4224D588700094B00A /* Base */ = {isa = PBXFileReference; lastKnownFileType = file.storyboard; name = Base; path = Base.lproj/LaunchScreen.storyboard; sourceTree = "<group>"; };
		18BE8E4424D588700094B00A /* Info.plist */ = {isa = PBXFileReference; lastKnownFileType = text.plist.xml; path = Info.plist; sourceTree = "<group>"; };
		18BE8E4E24D58C4E0094B00A /* NSObject+Ext.swift */ = {isa = PBXFileReference; lastKnownFileType = sourcecode.swift; path = "NSObject+Ext.swift"; sourceTree = "<group>"; };
		18BE8E5124D58DF20094B00A /* APILib.swift */ = {isa = PBXFileReference; fileEncoding = 4; lastKnownFileType = sourcecode.swift; path = APILib.swift; sourceTree = "<group>"; };
		18BE8E5524D58F810094B00A /* HomeModel.swift */ = {isa = PBXFileReference; fileEncoding = 4; lastKnownFileType = sourcecode.swift; path = HomeModel.swift; sourceTree = "<group>"; };
		18BE8E5624D58F810094B00A /* Items.swift */ = {isa = PBXFileReference; fileEncoding = 4; lastKnownFileType = sourcecode.swift; path = Items.swift; sourceTree = "<group>"; };
		18BE8E5724D58F820094B00A /* Activity.swift */ = {isa = PBXFileReference; fileEncoding = 4; lastKnownFileType = sourcecode.swift; path = Activity.swift; sourceTree = "<group>"; };
		18BE8E5824D58F820094B00A /* Steps.swift */ = {isa = PBXFileReference; fileEncoding = 4; lastKnownFileType = sourcecode.swift; path = Steps.swift; sourceTree = "<group>"; };
		18BE8E5924D58F820094B00A /* Articles.swift */ = {isa = PBXFileReference; fileEncoding = 4; lastKnownFileType = sourcecode.swift; path = Articles.swift; sourceTree = "<group>"; };
		18BE8E6024D5906F0094B00A /* SleepHours.swift */ = {isa = PBXFileReference; fileEncoding = 4; lastKnownFileType = sourcecode.swift; path = SleepHours.swift; sourceTree = "<group>"; };
		18BE8E6224D5906F0094B00A /* HealthDataModel.swift */ = {isa = PBXFileReference; fileEncoding = 4; lastKnownFileType = sourcecode.swift; path = HealthDataModel.swift; sourceTree = "<group>"; };
		18BE8E6324D590700094B00A /* SoundLevels.swift */ = {isa = PBXFileReference; fileEncoding = 4; lastKnownFileType = sourcecode.swift; path = SoundLevels.swift; sourceTree = "<group>"; };
		18BE8E6A24D590F70094B00A /* APILibrary.swift */ = {isa = PBXFileReference; lastKnownFileType = sourcecode.swift; path = APILibrary.swift; sourceTree = "<group>"; };
		18BE8E6C24D591240094B00A /* TypeAliases.swift */ = {isa = PBXFileReference; lastKnownFileType = sourcecode.swift; path = TypeAliases.swift; sourceTree = "<group>"; };
		18BE8E6E24D5916D0094B00A /* String+Ext.swift */ = {isa = PBXFileReference; lastKnownFileType = sourcecode.swift; path = "String+Ext.swift"; sourceTree = "<group>"; };
		18BE8E7024D591FD0094B00A /* Results.swift */ = {isa = PBXFileReference; lastKnownFileType = sourcecode.swift; path = Results.swift; sourceTree = "<group>"; };
		18BE8E7224D592330094B00A /* ModelResponse.swift */ = {isa = PBXFileReference; lastKnownFileType = sourcecode.swift; path = ModelResponse.swift; sourceTree = "<group>"; };
		18BE8E7524D595CB0094B00A /* HomeViewModel.swift */ = {isa = PBXFileReference; lastKnownFileType = sourcecode.swift; path = HomeViewModel.swift; sourceTree = "<group>"; };
		18BE8E7724D598A70094B00A /* SecondViewController.swift */ = {isa = PBXFileReference; lastKnownFileType = sourcecode.swift; path = SecondViewController.swift; sourceTree = "<group>"; };
		18BE8E7924D59B480094B00A /* HealthDataViewModel.swift */ = {isa = PBXFileReference; lastKnownFileType = sourcecode.swift; path = HealthDataViewModel.swift; sourceTree = "<group>"; };
		18BE8E7C24D59F9E0094B00A /* UIButtonCustom.swift */ = {isa = PBXFileReference; lastKnownFileType = sourcecode.swift; path = UIButtonCustom.swift; sourceTree = "<group>"; };
		18BE8E7D24D59F9E0094B00A /* UIViewCustom.swift */ = {isa = PBXFileReference; lastKnownFileType = sourcecode.swift; path = UIViewCustom.swift; sourceTree = "<group>"; };
		18BE8E8124D5B4B60094B00A /* CellConfigModel.swift */ = {isa = PBXFileReference; lastKnownFileType = sourcecode.swift; path = CellConfigModel.swift; sourceTree = "<group>"; };
		18BE8E8424D5B56B0094B00A /* ActivityCellModel.swift */ = {isa = PBXFileReference; lastKnownFileType = sourcecode.swift; path = ActivityCellModel.swift; sourceTree = "<group>"; };
		18BE8E8624D5B6790094B00A /* StepsCellModel.swift */ = {isa = PBXFileReference; lastKnownFileType = sourcecode.swift; path = StepsCellModel.swift; sourceTree = "<group>"; };
		18BE8E8824D5B7100094B00A /* ArticlesCellModel.swift */ = {isa = PBXFileReference; lastKnownFileType = sourcecode.swift; path = ArticlesCellModel.swift; sourceTree = "<group>"; };
		18BE8E8E24D5C1180094B00A /* ActivityTableViewCell.swift */ = {isa = PBXFileReference; lastKnownFileType = sourcecode.swift; path = ActivityTableViewCell.swift; sourceTree = "<group>"; };
		18BE8E9024D5C12A0094B00A /* StepsTableViewCell.swift */ = {isa = PBXFileReference; lastKnownFileType = sourcecode.swift; path = StepsTableViewCell.swift; sourceTree = "<group>"; };
		18BE8E9224D5C1380094B00A /* ArticleTableViewCell.swift */ = {isa = PBXFileReference; lastKnownFileType = sourcecode.swift; path = ArticleTableViewCell.swift; sourceTree = "<group>"; };
		18BE8E9524D5C1EA0094B00A /* SectionType1TableViewCell.swift */ = {isa = PBXFileReference; lastKnownFileType = sourcecode.swift; path = SectionType1TableViewCell.swift; sourceTree = "<group>"; };
		18BE8E9724D5C2020094B00A /* ShowHealthTableViewCell.swift */ = {isa = PBXFileReference; lastKnownFileType = sourcecode.swift; path = ShowHealthTableViewCell.swift; sourceTree = "<group>"; };
		18BE8E9924D5D2D90094B00A /* SectionType2TableViewCell.swift */ = {isa = PBXFileReference; lastKnownFileType = sourcecode.swift; path = SectionType2TableViewCell.swift; sourceTree = "<group>"; };
		18BE8E9B24D5D6EA0094B00A /* ShowFullDataCellModel.swift */ = {isa = PBXFileReference; lastKnownFileType = sourcecode.swift; path = ShowFullDataCellModel.swift; sourceTree = "<group>"; };
		18BE8E9D24D5DB280094B00A /* ArticleWebViewTableViewCell.swift */ = {isa = PBXFileReference; lastKnownFileType = sourcecode.swift; path = ArticleWebViewTableViewCell.swift; sourceTree = "<group>"; };
		18BE8E9F24D5DC4A0094B00A /* ArticleWebViewModel.swift */ = {isa = PBXFileReference; lastKnownFileType = sourcecode.swift; path = ArticleWebViewModel.swift; sourceTree = "<group>"; };
		18BE8EA124D5DDC50094B00A /* UIStoryboard+Ext.swift */ = {isa = PBXFileReference; lastKnownFileType = sourcecode.swift; path = "UIStoryboard+Ext.swift"; sourceTree = "<group>"; };
		18BE8EA324D5DDD60094B00A /* UIViewController+Ext.swift */ = {isa = PBXFileReference; lastKnownFileType = sourcecode.swift; path = "UIViewController+Ext.swift"; sourceTree = "<group>"; };
		18BE8EA624D5ED3B0094B00A /* WebViewController.swift */ = {isa = PBXFileReference; lastKnownFileType = sourcecode.swift; path = WebViewController.swift; sourceTree = "<group>"; };
		18BE8EAC24D5F1090094B00A /* search.html */ = {isa = PBXFileReference; fileEncoding = 4; lastKnownFileType = text.html; path = search.html; sourceTree = "<group>"; };
		18BE8EAE24D602AE0094B00A /* SleepAnalysisTableViewCell.swift */ = {isa = PBXFileReference; lastKnownFileType = sourcecode.swift; path = SleepAnalysisTableViewCell.swift; sourceTree = "<group>"; };
/* End PBXFileReference section */

/* Begin PBXFrameworksBuildPhase section */
		18BE8E3024D588690094B00A /* Frameworks */ = {
			isa = PBXFrameworksBuildPhase;
			buildActionMask = 2147483647;
			files = (
				18BE8E8C24D5B9330094B00A /* SDWebImage in Frameworks */,
				18BE8E4C24D588E00094B00A /* Alamofire in Frameworks */,
			);
			runOnlyForDeploymentPostprocessing = 0;
		};
/* End PBXFrameworksBuildPhase section */

/* Begin PBXGroup section */
		18BE8E2A24D588690094B00A = {
			isa = PBXGroup;
			children = (
				18BE8E3524D588690094B00A /* RiafyHealth */,
				18BE8E3424D588690094B00A /* Products */,
			);
			sourceTree = "<group>";
		};
		18BE8E3424D588690094B00A /* Products */ = {
			isa = PBXGroup;
			children = (
				18BE8E3324D588690094B00A /* RiafyHealth.app */,
			);
			name = Products;
			sourceTree = "<group>";
		};
		18BE8E3524D588690094B00A /* RiafyHealth */ = {
			isa = PBXGroup;
			children = (
				18BE8EAB24D5F0F60094B00A /* HTMLFile */,
				18BE8EA524D5ED180094B00A /* ViewController */,
				18BE8E7424D595960094B00A /* VIewModel */,
				18BE8E8D24D5C0F30094B00A /* CellViewClass */,
				18BE8E8024D5B4920094B00A /* Protocols */,
				18BE8E7B24D59F7E0094B00A /* Views */,
				18BE8E5324D58E360094B00A /* Models */,
				18BE8E5024D58D990094B00A /* NetworkModule */,
				18BE8E4D24D58C370094B00A /* Exts */,
				18BE8E3624D588690094B00A /* AppDelegate.swift */,
				18BE8E3824D588690094B00A /* SceneDelegate.swift */,
				18BE8E3C24D588690094B00A /* Main.storyboard */,
				18BE8E3F24D588700094B00A /* Assets.xcassets */,
				18BE8E4124D588700094B00A /* LaunchScreen.storyboard */,
				18BE8E4424D588700094B00A /* Info.plist */,
				18BE8E7724D598A70094B00A /* SecondViewController.swift */,
			);
			path = RiafyHealth;
			sourceTree = "<group>";
		};
		18BE8E4D24D58C370094B00A /* Exts */ = {
			isa = PBXGroup;
			children = (
				18BE8E4E24D58C4E0094B00A /* NSObject+Ext.swift */,
				18BE8E6E24D5916D0094B00A /* String+Ext.swift */,
				18BE8EA124D5DDC50094B00A /* UIStoryboard+Ext.swift */,
				18BE8EA324D5DDD60094B00A /* UIViewController+Ext.swift */,
			);
			path = Exts;
			sourceTree = "<group>";
		};
		18BE8E5024D58D990094B00A /* NetworkModule */ = {
			isa = PBXGroup;
			children = (
				18BE8E5124D58DF20094B00A /* APILib.swift */,
				18BE8E6A24D590F70094B00A /* APILibrary.swift */,
				18BE8E6C24D591240094B00A /* TypeAliases.swift */,
				18BE8E7024D591FD0094B00A /* Results.swift */,
			);
			path = NetworkModule;
			sourceTree = "<group>";
		};
		18BE8E5324D58E360094B00A /* Models */ = {
			isa = PBXGroup;
			children = (
				18BE8E8324D5B5520094B00A /* CellModels */,
				18BE8E5F24D58FC00094B00A /* HealthDataModel */,
				18BE8E5424D58F660094B00A /* HomeModel */,
				18BE8E7224D592330094B00A /* ModelResponse.swift */,
			);
			path = Models;
			sourceTree = "<group>";
		};
		18BE8E5424D58F660094B00A /* HomeModel */ = {
			isa = PBXGroup;
			children = (
				18BE8E5724D58F820094B00A /* Activity.swift */,
				18BE8E5924D58F820094B00A /* Articles.swift */,
				18BE8E5524D58F810094B00A /* HomeModel.swift */,
				18BE8E5624D58F810094B00A /* Items.swift */,
				18BE8E5824D58F820094B00A /* Steps.swift */,
			);
			path = HomeModel;
			sourceTree = "<group>";
		};
		18BE8E5F24D58FC00094B00A /* HealthDataModel */ = {
			isa = PBXGroup;
			children = (
				18BE8E6224D5906F0094B00A /* HealthDataModel.swift */,
				18BE8E6024D5906F0094B00A /* SleepHours.swift */,
				18BE8E6324D590700094B00A /* SoundLevels.swift */,
			);
			path = HealthDataModel;
			sourceTree = "<group>";
		};
		18BE8E7424D595960094B00A /* VIewModel */ = {
			isa = PBXGroup;
			children = (
				18BE8E7524D595CB0094B00A /* HomeViewModel.swift */,
				18BE8E7924D59B480094B00A /* HealthDataViewModel.swift */,
				18BE8E9F24D5DC4A0094B00A /* ArticleWebViewModel.swift */,
			);
			path = VIewModel;
			sourceTree = "<group>";
		};
		18BE8E7B24D59F7E0094B00A /* Views */ = {
			isa = PBXGroup;
			children = (
				18BE8E7C24D59F9E0094B00A /* UIButtonCustom.swift */,
				18BE8E7D24D59F9E0094B00A /* UIViewCustom.swift */,
			);
			path = Views;
			sourceTree = "<group>";
		};
		18BE8E8024D5B4920094B00A /* Protocols */ = {
			isa = PBXGroup;
			children = (
				18BE8E8124D5B4B60094B00A /* CellConfigModel.swift */,
			);
			path = Protocols;
			sourceTree = "<group>";
		};
		18BE8E8324D5B5520094B00A /* CellModels */ = {
			isa = PBXGroup;
			children = (
				18BE8E8424D5B56B0094B00A /* ActivityCellModel.swift */,
				18BE8E8624D5B6790094B00A /* StepsCellModel.swift */,
				18BE8E8824D5B7100094B00A /* ArticlesCellModel.swift */,
				18BE8E9B24D5D6EA0094B00A /* ShowFullDataCellModel.swift */,
			);
			path = CellModels;
			sourceTree = "<group>";
		};
		18BE8E8D24D5C0F30094B00A /* CellViewClass */ = {
			isa = PBXGroup;
			children = (
				18BE8E9424D5C17E0094B00A /* SectionCells */,
				18BE8E8E24D5C1180094B00A /* ActivityTableViewCell.swift */,
				18BE8E9024D5C12A0094B00A /* StepsTableViewCell.swift */,
				18BE8E9224D5C1380094B00A /* ArticleTableViewCell.swift */,
				18BE8E9724D5C2020094B00A /* ShowHealthTableViewCell.swift */,
				18BE8E9D24D5DB280094B00A /* ArticleWebViewTableViewCell.swift */,
				18BE8EAE24D602AE0094B00A /* SleepAnalysisTableViewCell.swift */,
			);
			path = CellViewClass;
			sourceTree = "<group>";
		};
		18BE8E9424D5C17E0094B00A /* SectionCells */ = {
			isa = PBXGroup;
			children = (
				18BE8E9524D5C1EA0094B00A /* SectionType1TableViewCell.swift */,
				18BE8E9924D5D2D90094B00A /* SectionType2TableViewCell.swift */,
			);
			path = SectionCells;
			sourceTree = "<group>";
		};
		18BE8EA524D5ED180094B00A /* ViewController */ = {
			isa = PBXGroup;
			children = (
				18BE8E3A24D588690094B00A /* FirstViewController.swift */,
				18BE8EA624D5ED3B0094B00A /* WebViewController.swift */,
			);
			path = ViewController;
			sourceTree = "<group>";
		};
		18BE8EAB24D5F0F60094B00A /* HTMLFile */ = {
			isa = PBXGroup;
			children = (
				18BE8EAC24D5F1090094B00A /* search.html */,
			);
			path = HTMLFile;
			sourceTree = "<group>";
		};
/* End PBXGroup section */

/* Begin PBXNativeTarget section */
		18BE8E3224D588690094B00A /* RiafyHealth */ = {
			isa = PBXNativeTarget;
			buildConfigurationList = 18BE8E4724D588700094B00A /* Build configuration list for PBXNativeTarget "RiafyHealth" */;
			buildPhases = (
				18BE8E2F24D588690094B00A /* Sources */,
				18BE8E3024D588690094B00A /* Frameworks */,
				18BE8E3124D588690094B00A /* Resources */,
			);
			buildRules = (
			);
			dependencies = (
			);
			name = RiafyHealth;
			packageProductDependencies = (
				18BE8E4B24D588E00094B00A /* Alamofire */,
				18BE8E8B24D5B9330094B00A /* SDWebImage */,
			);
			productName = RiafyHealth;
			productReference = 18BE8E3324D588690094B00A /* RiafyHealth.app */;
			productType = "com.apple.product-type.application";
		};
/* End PBXNativeTarget section */

/* Begin PBXProject section */
		18BE8E2B24D588690094B00A /* Project object */ = {
			isa = PBXProject;
			attributes = {
				LastSwiftUpdateCheck = 1160;
				LastUpgradeCheck = 1160;
				ORGANIZATIONNAME = Tech_Tonic;
				TargetAttributes = {
					18BE8E3224D588690094B00A = {
						CreatedOnToolsVersion = 11.6;
					};
				};
			};
			buildConfigurationList = 18BE8E2E24D588690094B00A /* Build configuration list for PBXProject "RiafyHealth" */;
			compatibilityVersion = "Xcode 9.3";
			developmentRegion = en;
			hasScannedForEncodings = 0;
			knownRegions = (
				en,
				Base,
			);
			mainGroup = 18BE8E2A24D588690094B00A;
			packageReferences = (
				18BE8E4A24D588E00094B00A /* XCRemoteSwiftPackageReference "Alamofire" */,
				18BE8E8A24D5B9330094B00A /* XCRemoteSwiftPackageReference "SDWebImage" */,
			);
			productRefGroup = 18BE8E3424D588690094B00A /* Products */;
			projectDirPath = "";
			projectRoot = "";
			targets = (
				18BE8E3224D588690094B00A /* RiafyHealth */,
			);
		};
/* End PBXProject section */

/* Begin PBXResourcesBuildPhase section */
		18BE8E3124D588690094B00A /* Resources */ = {
			isa = PBXResourcesBuildPhase;
			buildActionMask = 2147483647;
			files = (
				18BE8EAD24D5F1090094B00A /* search.html in Resources */,
				18BE8E4324D588700094B00A /* LaunchScreen.storyboard in Resources */,
				18BE8E4024D588700094B00A /* Assets.xcassets in Resources */,
				18BE8E3E24D588690094B00A /* Main.storyboard in Resources */,
			);
			runOnlyForDeploymentPostprocessing = 0;
		};
/* End PBXResourcesBuildPhase section */

/* Begin PBXSourcesBuildPhase section */
		18BE8E2F24D588690094B00A /* Sources */ = {
			isa = PBXSourcesBuildPhase;
			buildActionMask = 2147483647;
			files = (
				18BE8E7824D598A70094B00A /* SecondViewController.swift in Sources */,
				18BE8E6F24D5916D0094B00A /* String+Ext.swift in Sources */,
				18BE8E8F24D5C1180094B00A /* ActivityTableViewCell.swift in Sources */,
				18BE8E5D24D58F820094B00A /* Steps.swift in Sources */,
				18BE8E8724D5B6790094B00A /* StepsCellModel.swift in Sources */,
				18BE8E3B24D588690094B00A /* FirstViewController.swift in Sources */,
				18BE8EAF24D602AE0094B00A /* SleepAnalysisTableViewCell.swift in Sources */,
				18BE8E4F24D58C4E0094B00A /* NSObject+Ext.swift in Sources */,
				18BE8E5A24D58F820094B00A /* HomeModel.swift in Sources */,
				18BE8E9A24D5D2D90094B00A /* SectionType2TableViewCell.swift in Sources */,
				18BE8E5224D58DF20094B00A /* APILib.swift in Sources */,
				18BE8E7124D591FD0094B00A /* Results.swift in Sources */,
				18BE8E9824D5C2020094B00A /* ShowHealthTableViewCell.swift in Sources */,
				18BE8E9124D5C12A0094B00A /* StepsTableViewCell.swift in Sources */,
				18BE8E5B24D58F820094B00A /* Items.swift in Sources */,
				18BE8E5E24D58F820094B00A /* Articles.swift in Sources */,
				18BE8E3724D588690094B00A /* AppDelegate.swift in Sources */,
				18BE8E5C24D58F820094B00A /* Activity.swift in Sources */,
				18BE8E3924D588690094B00A /* SceneDelegate.swift in Sources */,
				18BE8E7A24D59B480094B00A /* HealthDataViewModel.swift in Sources */,
				18BE8E9E24D5DB280094B00A /* ArticleWebViewTableViewCell.swift in Sources */,
				18BE8E6B24D590F70094B00A /* APILibrary.swift in Sources */,
				18BE8E6824D590700094B00A /* SoundLevels.swift in Sources */,
				18BE8EA424D5DDD60094B00A /* UIViewController+Ext.swift in Sources */,
				18BE8E8924D5B7100094B00A /* ArticlesCellModel.swift in Sources */,
				18BE8E6524D590700094B00A /* SleepHours.swift in Sources */,
				18BE8E8224D5B4B60094B00A /* CellConfigModel.swift in Sources */,
				18BE8E6724D590700094B00A /* HealthDataModel.swift in Sources */,
				18BE8E7624D595CB0094B00A /* HomeViewModel.swift in Sources */,
				18BE8E8524D5B56B0094B00A /* ActivityCellModel.swift in Sources */,
				18BE8E7F24D59FE40094B00A /* UIViewCustom.swift in Sources */,
				18BE8E9624D5C1EA0094B00A /* SectionType1TableViewCell.swift in Sources */,
				18BE8E9C24D5D6EA0094B00A /* ShowFullDataCellModel.swift in Sources */,
				18BE8EA224D5DDC50094B00A /* UIStoryboard+Ext.swift in Sources */,
				18BE8EA024D5DC4A0094B00A /* ArticleWebViewModel.swift in Sources */,
				18BE8E7E24D59FE10094B00A /* UIButtonCustom.swift in Sources */,
				18BE8EA724D5ED3B0094B00A /* WebViewController.swift in Sources */,
				18BE8E9324D5C1380094B00A /* ArticleTableViewCell.swift in Sources */,
				18BE8E7324D592340094B00A /* ModelResponse.swift in Sources */,
				18BE8E6D24D591240094B00A /* TypeAliases.swift in Sources */,
			);
			runOnlyForDeploymentPostprocessing = 0;
		};
/* End PBXSourcesBuildPhase section */

/* Begin PBXVariantGroup section */
		18BE8E3C24D588690094B00A /* Main.storyboard */ = {
			isa = PBXVariantGroup;
			children = (
				18BE8E3D24D588690094B00A /* Base */,
			);
			name = Main.storyboard;
			sourceTree = "<group>";
		};
		18BE8E4124D588700094B00A /* LaunchScreen.storyboard */ = {
			isa = PBXVariantGroup;
			children = (
				18BE8E4224D588700094B00A /* Base */,
			);
			name = LaunchScreen.storyboard;
			sourceTree = "<group>";
		};
/* End PBXVariantGroup section */

/* Begin XCBuildConfiguration section */
		18BE8E4524D588700094B00A /* Debug */ = {
			isa = XCBuildConfiguration;
			buildSettings = {
				ALWAYS_SEARCH_USER_PATHS = NO;
				CLANG_ANALYZER_NONNULL = YES;
				CLANG_ANALYZER_NUMBER_OBJECT_CONVERSION = YES_AGGRESSIVE;
				CLANG_CXX_LANGUAGE_STANDARD = "gnu++14";
				CLANG_CXX_LIBRARY = "libc++";
				CLANG_ENABLE_MODULES = YES;
				CLANG_ENABLE_OBJC_ARC = YES;
				CLANG_ENABLE_OBJC_WEAK = YES;
				CLANG_WARN_BLOCK_CAPTURE_AUTORELEASING = YES;
				CLANG_WARN_BOOL_CONVERSION = YES;
				CLANG_WARN_COMMA = YES;
				CLANG_WARN_CONSTANT_CONVERSION = YES;
				CLANG_WARN_DEPRECATED_OBJC_IMPLEMENTATIONS = YES;
				CLANG_WARN_DIRECT_OBJC_ISA_USAGE = YES_ERROR;
				CLANG_WARN_DOCUMENTATION_COMMENTS = YES;
				CLANG_WARN_EMPTY_BODY = YES;
				CLANG_WARN_ENUM_CONVERSION = YES;
				CLANG_WARN_INFINITE_RECURSION = YES;
				CLANG_WARN_INT_CONVERSION = YES;
				CLANG_WARN_NON_LITERAL_NULL_CONVERSION = YES;
				CLANG_WARN_OBJC_IMPLICIT_RETAIN_SELF = YES;
				CLANG_WARN_OBJC_LITERAL_CONVERSION = YES;
				CLANG_WARN_OBJC_ROOT_CLASS = YES_ERROR;
				CLANG_WARN_RANGE_LOOP_ANALYSIS = YES;
				CLANG_WARN_STRICT_PROTOTYPES = YES;
				CLANG_WARN_SUSPICIOUS_MOVE = YES;
				CLANG_WARN_UNGUARDED_AVAILABILITY = YES_AGGRESSIVE;
				CLANG_WARN_UNREACHABLE_CODE = YES;
				CLANG_WARN__DUPLICATE_METHOD_MATCH = YES;
				COPY_PHASE_STRIP = NO;
				DEBUG_INFORMATION_FORMAT = dwarf;
				ENABLE_STRICT_OBJC_MSGSEND = YES;
				ENABLE_TESTABILITY = YES;
				GCC_C_LANGUAGE_STANDARD = gnu11;
				GCC_DYNAMIC_NO_PIC = NO;
				GCC_NO_COMMON_BLOCKS = YES;
				GCC_OPTIMIZATION_LEVEL = 0;
				GCC_PREPROCESSOR_DEFINITIONS = (
					"DEBUG=1",
					"$(inherited)",
				);
				GCC_WARN_64_TO_32_BIT_CONVERSION = YES;
				GCC_WARN_ABOUT_RETURN_TYPE = YES_ERROR;
				GCC_WARN_UNDECLARED_SELECTOR = YES;
				GCC_WARN_UNINITIALIZED_AUTOS = YES_AGGRESSIVE;
				GCC_WARN_UNUSED_FUNCTION = YES;
				GCC_WARN_UNUSED_VARIABLE = YES;
				IPHONEOS_DEPLOYMENT_TARGET = 10.0;
				MTL_ENABLE_DEBUG_INFO = INCLUDE_SOURCE;
				MTL_FAST_MATH = YES;
				ONLY_ACTIVE_ARCH = YES;
				SDKROOT = iphoneos;
				SWIFT_ACTIVE_COMPILATION_CONDITIONS = DEBUG;
				SWIFT_OPTIMIZATION_LEVEL = "-Onone";
			};
			name = Debug;
		};
		18BE8E4624D588700094B00A /* Release */ = {
			isa = XCBuildConfiguration;
			buildSettings = {
				ALWAYS_SEARCH_USER_PATHS = NO;
				CLANG_ANALYZER_NONNULL = YES;
				CLANG_ANALYZER_NUMBER_OBJECT_CONVERSION = YES_AGGRESSIVE;
				CLANG_CXX_LANGUAGE_STANDARD = "gnu++14";
				CLANG_CXX_LIBRARY = "libc++";
				CLANG_ENABLE_MODULES = YES;
				CLANG_ENABLE_OBJC_ARC = YES;
				CLANG_ENABLE_OBJC_WEAK = YES;
				CLANG_WARN_BLOCK_CAPTURE_AUTORELEASING = YES;
				CLANG_WARN_BOOL_CONVERSION = YES;
				CLANG_WARN_COMMA = YES;
				CLANG_WARN_CONSTANT_CONVERSION = YES;
				CLANG_WARN_DEPRECATED_OBJC_IMPLEMENTATIONS = YES;
				CLANG_WARN_DIRECT_OBJC_ISA_USAGE = YES_ERROR;
				CLANG_WARN_DOCUMENTATION_COMMENTS = YES;
				CLANG_WARN_EMPTY_BODY = YES;
				CLANG_WARN_ENUM_CONVERSION = YES;
				CLANG_WARN_INFINITE_RECURSION = YES;
				CLANG_WARN_INT_CONVERSION = YES;
				CLANG_WARN_NON_LITERAL_NULL_CONVERSION = YES;
				CLANG_WARN_OBJC_IMPLICIT_RETAIN_SELF = YES;
				CLANG_WARN_OBJC_LITERAL_CONVERSION = YES;
				CLANG_WARN_OBJC_ROOT_CLASS = YES_ERROR;
				CLANG_WARN_RANGE_LOOP_ANALYSIS = YES;
				CLANG_WARN_STRICT_PROTOTYPES = YES;
				CLANG_WARN_SUSPICIOUS_MOVE = YES;
				CLANG_WARN_UNGUARDED_AVAILABILITY = YES_AGGRESSIVE;
				CLANG_WARN_UNREACHABLE_CODE = YES;
				CLANG_WARN__DUPLICATE_METHOD_MATCH = YES;
				COPY_PHASE_STRIP = NO;
				DEBUG_INFORMATION_FORMAT = "dwarf-with-dsym";
				ENABLE_NS_ASSERTIONS = NO;
				ENABLE_STRICT_OBJC_MSGSEND = YES;
				GCC_C_LANGUAGE_STANDARD = gnu11;
				GCC_NO_COMMON_BLOCKS = YES;
				GCC_WARN_64_TO_32_BIT_CONVERSION = YES;
				GCC_WARN_ABOUT_RETURN_TYPE = YES_ERROR;
				GCC_WARN_UNDECLARED_SELECTOR = YES;
				GCC_WARN_UNINITIALIZED_AUTOS = YES_AGGRESSIVE;
				GCC_WARN_UNUSED_FUNCTION = YES;
				GCC_WARN_UNUSED_VARIABLE = YES;
				IPHONEOS_DEPLOYMENT_TARGET = 10.0;
				MTL_ENABLE_DEBUG_INFO = NO;
				MTL_FAST_MATH = YES;
				SDKROOT = iphoneos;
				SWIFT_COMPILATION_MODE = wholemodule;
				SWIFT_OPTIMIZATION_LEVEL = "-O";
				VALIDATE_PRODUCT = YES;
			};
			name = Release;
		};
		18BE8E4824D588700094B00A /* Debug */ = {
			isa = XCBuildConfiguration;
			buildSettings = {
				ASSETCATALOG_COMPILER_APPICON_NAME = AppIcon;
				CODE_SIGN_STYLE = Automatic;
				DEVELOPMENT_TEAM = RDRMVW96A6;
				INFOPLIST_FILE = RiafyHealth/Info.plist;
				LD_RUNPATH_SEARCH_PATHS = (
					"$(inherited)",
					"@executable_path/Frameworks",
				);
				PRODUCT_BUNDLE_IDENTIFIER = com.TechTonic.RiafyHealth;
				PRODUCT_NAME = "$(TARGET_NAME)";
				SWIFT_VERSION = 5.0;
				TARGETED_DEVICE_FAMILY = "1,2";
			};
			name = Debug;
		};
		18BE8E4924D588700094B00A /* Release */ = {
			isa = XCBuildConfiguration;
			buildSettings = {
				ASSETCATALOG_COMPILER_APPICON_NAME = AppIcon;
				CODE_SIGN_STYLE = Automatic;
				DEVELOPMENT_TEAM = RDRMVW96A6;
				INFOPLIST_FILE = RiafyHealth/Info.plist;
				LD_RUNPATH_SEARCH_PATHS = (
					"$(inherited)",
					"@executable_path/Frameworks",
				);
				PRODUCT_BUNDLE_IDENTIFIER = com.TechTonic.RiafyHealth;
				PRODUCT_NAME = "$(TARGET_NAME)";
				SWIFT_VERSION = 5.0;
				TARGETED_DEVICE_FAMILY = "1,2";
			};
			name = Release;
		};
/* End XCBuildConfiguration section */

/* Begin XCConfigurationList section */
		18BE8E2E24D588690094B00A /* Build configuration list for PBXProject "RiafyHealth" */ = {
			isa = XCConfigurationList;
			buildConfigurations = (
				18BE8E4524D588700094B00A /* Debug */,
				18BE8E4624D588700094B00A /* Release */,
			);
			defaultConfigurationIsVisible = 0;
			defaultConfigurationName = Release;
		};
		18BE8E4724D588700094B00A /* Build configuration list for PBXNativeTarget "RiafyHealth" */ = {
			isa = XCConfigurationList;
			buildConfigurations = (
				18BE8E4824D588700094B00A /* Debug */,
				18BE8E4924D588700094B00A /* Release */,
			);
			defaultConfigurationIsVisible = 0;
			defaultConfigurationName = Release;
		};
/* End XCConfigurationList section */

/* Begin XCRemoteSwiftPackageReference section */
		18BE8E4A24D588E00094B00A /* XCRemoteSwiftPackageReference "Alamofire" */ = {
			isa = XCRemoteSwiftPackageReference;
			repositoryURL = "https://github.com/Alamofire/Alamofire.git";
			requirement = {
				kind = upToNextMajorVersion;
				minimumVersion = 5.2.2;
			};
		};
		18BE8E8A24D5B9330094B00A /* XCRemoteSwiftPackageReference "SDWebImage" */ = {
			isa = XCRemoteSwiftPackageReference;
			repositoryURL = "https://github.com/SDWebImage/SDWebImage.git";
			requirement = {
				kind = upToNextMajorVersion;
				minimumVersion = 5.8.4;
			};
		};
/* End XCRemoteSwiftPackageReference section */

/* Begin XCSwiftPackageProductDependency section */
		18BE8E4B24D588E00094B00A /* Alamofire */ = {
			isa = XCSwiftPackageProductDependency;
			package = 18BE8E4A24D588E00094B00A /* XCRemoteSwiftPackageReference "Alamofire" */;
			productName = Alamofire;
		};
		18BE8E8B24D5B9330094B00A /* SDWebImage */ = {
			isa = XCSwiftPackageProductDependency;
			package = 18BE8E8A24D5B9330094B00A /* XCRemoteSwiftPackageReference "SDWebImage" */;
			productName = SDWebImage;
		};
/* End XCSwiftPackageProductDependency section */
	};
	rootObject = 18BE8E2B24D588690094B00A /* Project object */;
}
